
Microsoft Visual Studio Solution File, Format Version 12.00
# Visual Studio 2013
VisualStudioVersion = 12.0.30501.0
MinimumVisualStudioVersion = 10.0.40219.1
Project("{FAE04EC0-301F-11D3-BF4B-00C04F79EFBC}") = "HotelOrdering", "HotelOrdering\HotelOrdering.csproj", "{DE7CDD52-1C31-4578-A904-C049F09D6039}"
EndProject
Global
	GlobalSection(SolutionConfigurationPlatforms) = preSolution
		Debug|Any CPU = Debug|Any CPU
		Release|Any CPU = Release|Any CPU
	EndGlobalSection
	GlobalSection(ProjectConfigurationPlatforms) = postSolution
		{DE7CDD52-1C31-4578-A904-C049F09D6039}.Debug|Any CPU.ActiveCfg = Debug|Any CPU
		{DE7CDD52-1C31-4578-A904-C049F09D6039}.Debug|Any CPU.Build.0 = Debug|Any CPU
		{DE7CDD52-1C31-4578-A904-C049F09D6039}.Release|Any CPU.ActiveCfg = Release|Any CPU
		{DE7CDD52-1C31-4578-A904-C049F09D6039}.Release|Any CPU.Build.0 = Release|Any CPU
	EndGlobalSection
	GlobalSection(SolutionProperties) = preSolution
		HideSolutionNode = FALSE
	EndGlobalSection
EndGlobal
